
Microsoft Visual Studio Solution File, Format Version 12.00
# Visual Studio Version 17
VisualStudioVersion = 17.5.002.0
MinimumVisualStudioVersion = 10.0.40219.1
Project("{2150E333-8FDC-42A3-9474-1A3956D46DE8}") = "sandbox", "sandbox", "{86616B03-A8B0-4C0B-AE81-E67E197C56D9}"
EndProject
Project("{9A19103F-16F7-4668-BE54-9A1E7A4F7556}") = "sandbox_project", "sandbox\sandbox_project\sandbox_project.csproj", "{3D203555-7224-488D-8A1B-08BCEF735D48}"
EndProject
Project("{2150E333-8FDC-42A3-9474-1A3956D46DE8}") = "week01", "week01", "{1EA05D10-A86F-4D7A-8CC5-E351E70142C3}"
EndProject
Project("{9A19103F-16F7-4668-BE54-9A1E7A4F7556}") = "analyze", "week01\analyze\analyze.csproj", "{2F271094-D616-4CC9-9AA3-1010AA6BCF0A}"
EndProject
Project("{9A19103F-16F7-4668-BE54-9A1E7A4F7556}") = "code", "week01\code\code.csproj", "{8E9FA43A-E3C3-4DA1-985D-94E91F44C1B9}"
EndProject
Project("{9A19103F-16F7-4668-BE54-9A1E7A4F7556}") = "teach", "week01\teach\teach.csproj", "{69CBF164-78B4-4FEC-8E83-3A793C9B5BD3}"
EndProject
Project("{2150E333-8FDC-42A3-9474-1A3956D46DE8}") = "week02", "week02", "{803B7E90-9D95-4554-91FB-70ABD58127F4}"
EndProject
Project("{9A19103F-16F7-4668-BE54-9A1E7A4F7556}") = "analyze", "week02\analyze\analyze.csproj", "{A54DF722-4FE0-480F-8884-EAC1D3B231C3}"
EndProject
Project("{9A19103F-16F7-4668-BE54-9A1E7A4F7556}") = "code", "week02\code\code.csproj", "{7D590B62-8900-4F9A-8851-3C6B1B24CF07}"
EndProject
Project("{9A19103F-16F7-4668-BE54-9A1E7A4F7556}") = "learn", "week02\learn\learn.csproj", "{7332036A-1246-46CC-BE15-C928E59B9FC9}"
EndProject
Project("{9A19103F-16F7-4668-BE54-9A1E7A4F7556}") = "teach", "week02\teach\teach.csproj", "{FA0EC3E1-85A4-4C74-8769-176AC964A542}"
EndProject
Project("{2150E333-8FDC-42A3-9474-1A3956D46DE8}") = "week03", "week03", "{233A0E6E-26D9-44C0-AE26-EE09C94AD63F}"
EndProject
Project("{9A19103F-16F7-4668-BE54-9A1E7A4F7556}") = "code", "week03\code\code.csproj", "{32EAB955-1A38-4DD8-AA27-867D30E850BA}"
EndProject
Project("{9A19103F-16F7-4668-BE54-9A1E7A4F7556}") = "learn", "week03\learn\learn.csproj", "{36C616F6-4A9E-4ADE-AC79-C69DF4DAF77B}"
EndProject
Project("{9A19103F-16F7-4668-BE54-9A1E7A4F7556}") = "teach", "week03\teach\teach.csproj", "{E8839D9C-D8D1-45C2-A732-94052CC1079E}"
EndProject
Project("{2150E333-8FDC-42A3-9474-1A3956D46DE8}") = "week04", "week04", "{2A89CF90-611D-49FA-BC68-4CE4C21048BD}"
EndProject
Project("{9A19103F-16F7-4668-BE54-9A1E7A4F7556}") = "code", "week04\code\code.csproj", "{E0BC5A14-A4C1-44A9-BE5A-A34CC3C30713}"
EndProject
Project("{2150E333-8FDC-42A3-9474-1A3956D46DE8}") = "week05", "week05", "{23A3D557-7029-4AED-A527-994E728F3E23}"
EndProject
Project("{9A19103F-16F7-4668-BE54-9A1E7A4F7556}") = "code", "week05\code\code.csproj", "{E68BE2C3-1442-43E5-B78C-A1752BDB3109}"
EndProject
Project("{2150E333-8FDC-42A3-9474-1A3956D46DE8}") = "week06", "week06", "{9592D78F-3CAC-42AF-8F3F-A9E4B52A24D4}"
EndProject
Project("{9A19103F-16F7-4668-BE54-9A1E7A4F7556}") = "code", "week06\code\code.csproj", "{A3CDD90E-2288-4140-9E5C-571F27A7C88F}"
EndProject
Global
	GlobalSection(SolutionConfigurationPlatforms) = preSolution
		Debug|Any CPU = Debug|Any CPU
		Release|Any CPU = Release|Any CPU
	EndGlobalSection
	GlobalSection(ProjectConfigurationPlatforms) = postSolution
		{3D203555-7224-488D-8A1B-08BCEF735D48}.Debug|Any CPU.ActiveCfg = Debug|Any CPU
		{3D203555-7224-488D-8A1B-08BCEF735D48}.Debug|Any CPU.Build.0 = Debug|Any CPU
		{3D203555-7224-488D-8A1B-08BCEF735D48}.Release|Any CPU.ActiveCfg = Release|Any CPU
		{3D203555-7224-488D-8A1B-08BCEF735D48}.Release|Any CPU.Build.0 = Release|Any CPU
		{2F271094-D616-4CC9-9AA3-1010AA6BCF0A}.Debug|Any CPU.ActiveCfg = Debug|Any CPU
		{2F271094-D616-4CC9-9AA3-1010AA6BCF0A}.Debug|Any CPU.Build.0 = Debug|Any CPU
		{2F271094-D616-4CC9-9AA3-1010AA6BCF0A}.Release|Any CPU.ActiveCfg = Release|Any CPU
		{2F271094-D616-4CC9-9AA3-1010AA6BCF0A}.Release|Any CPU.Build.0 = Release|Any CPU
		{8E9FA43A-E3C3-4DA1-985D-94E91F44C1B9}.Debug|Any CPU.ActiveCfg = Debug|Any CPU
		{8E9FA43A-E3C3-4DA1-985D-94E91F44C1B9}.Debug|Any CPU.Build.0 = Debug|Any CPU
		{8E9FA43A-E3C3-4DA1-985D-94E91F44C1B9}.Release|Any CPU.ActiveCfg = Release|Any CPU
		{8E9FA43A-E3C3-4DA1-985D-94E91F44C1B9}.Release|Any CPU.Build.0 = Release|Any CPU
		{69CBF164-78B4-4FEC-8E83-3A793C9B5BD3}.Debug|Any CPU.ActiveCfg = Debug|Any CPU
		{69CBF164-78B4-4FEC-8E83-3A793C9B5BD3}.Debug|Any CPU.Build.0 = Debug|Any CPU
		{69CBF164-78B4-4FEC-8E83-3A793C9B5BD3}.Release|Any CPU.ActiveCfg = Release|Any CPU
		{69CBF164-78B4-4FEC-8E83-3A793C9B5BD3}.Release|Any CPU.Build.0 = Release|Any CPU
		{A54DF722-4FE0-480F-8884-EAC1D3B231C3}.Debug|Any CPU.ActiveCfg = Debug|Any CPU
		{A54DF722-4FE0-480F-8884-EAC1D3B231C3}.Debug|Any CPU.Build.0 = Debug|Any CPU
		{A54DF722-4FE0-480F-8884-EAC1D3B231C3}.Release|Any CPU.ActiveCfg = Release|Any CPU
		{A54DF722-4FE0-480F-8884-EAC1D3B231C3}.Release|Any CPU.Build.0 = Release|Any CPU
		{7D590B62-8900-4F9A-8851-3C6B1B24CF07}.Debug|Any CPU.ActiveCfg = Debug|Any CPU
		{7D590B62-8900-4F9A-8851-3C6B1B24CF07}.Debug|Any CPU.Build.0 = Debug|Any CPU
		{7D590B62-8900-4F9A-8851-3C6B1B24CF07}.Release|Any CPU.ActiveCfg = Release|Any CPU
		{7D590B62-8900-4F9A-8851-3C6B1B24CF07}.Release|Any CPU.Build.0 = Release|Any CPU
		{7332036A-1246-46CC-BE15-C928E59B9FC9}.Debug|Any CPU.ActiveCfg = Debug|Any CPU
		{7332036A-1246-46CC-BE15-C928E59B9FC9}.Debug|Any CPU.Build.0 = Debug|Any CPU
		{7332036A-1246-46CC-BE15-C928E59B9FC9}.Release|Any CPU.ActiveCfg = Release|Any CPU
		{7332036A-1246-46CC-BE15-C928E59B9FC9}.Release|Any CPU.Build.0 = Release|Any CPU
		{FA0EC3E1-85A4-4C74-8769-176AC964A542}.Debug|Any CPU.ActiveCfg = Debug|Any CPU
		{FA0EC3E1-85A4-4C74-8769-176AC964A542}.Debug|Any CPU.Build.0 = Debug|Any CPU
		{FA0EC3E1-85A4-4C74-8769-176AC964A542}.Release|Any CPU.ActiveCfg = Release|Any CPU
		{FA0EC3E1-85A4-4C74-8769-176AC964A542}.Release|Any CPU.Build.0 = Release|Any CPU
		{32EAB955-1A38-4DD8-AA27-867D30E850BA}.Debug|Any CPU.ActiveCfg = Debug|Any CPU
		{32EAB955-1A38-4DD8-AA27-867D30E850BA}.Debug|Any CPU.Build.0 = Debug|Any CPU
		{32EAB955-1A38-4DD8-AA27-867D30E850BA}.Release|Any CPU.ActiveCfg = Release|Any CPU
		{32EAB955-1A38-4DD8-AA27-867D30E850BA}.Release|Any CPU.Build.0 = Release|Any CPU
		{36C616F6-4A9E-4ADE-AC79-C69DF4DAF77B}.Debug|Any CPU.ActiveCfg = Debug|Any CPU
		{36C616F6-4A9E-4ADE-AC79-C69DF4DAF77B}.Debug|Any CPU.Build.0 = Debug|Any CPU
		{36C616F6-4A9E-4ADE-AC79-C69DF4DAF77B}.Release|Any CPU.ActiveCfg = Release|Any CPU
		{36C616F6-4A9E-4ADE-AC79-C69DF4DAF77B}.Release|Any CPU.Build.0 = Release|Any CPU
		{E8839D9C-D8D1-45C2-A732-94052CC1079E}.Debug|Any CPU.ActiveCfg = Debug|Any CPU
		{E8839D9C-D8D1-45C2-A732-94052CC1079E}.Debug|Any CPU.Build.0 = Debug|Any CPU
		{E8839D9C-D8D1-45C2-A732-94052CC1079E}.Release|Any CPU.ActiveCfg = Release|Any CPU
		{E8839D9C-D8D1-45C2-A732-94052CC1079E}.Release|Any CPU.Build.0 = Release|Any CPU
		{E0BC5A14-A4C1-44A9-BE5A-A34CC3C30713}.Debug|Any CPU.ActiveCfg = Debug|Any CPU
		{E0BC5A14-A4C1-44A9-BE5A-A34CC3C30713}.Debug|Any CPU.Build.0 = Debug|Any CPU
		{E0BC5A14-A4C1-44A9-BE5A-A34CC3C30713}.Release|Any CPU.ActiveCfg = Release|Any CPU
		{E0BC5A14-A4C1-44A9-BE5A-A34CC3C30713}.Release|Any CPU.Build.0 = Release|Any CPU
		{E68BE2C3-1442-43E5-B78C-A1752BDB3109}.Debug|Any CPU.ActiveCfg = Debug|Any CPU
		{E68BE2C3-1442-43E5-B78C-A1752BDB3109}.Debug|Any CPU.Build.0 = Debug|Any CPU
		{E68BE2C3-1442-43E5-B78C-A1752BDB3109}.Release|Any CPU.ActiveCfg = Release|Any CPU
		{E68BE2C3-1442-43E5-B78C-A1752BDB3109}.Release|Any CPU.Build.0 = Release|Any CPU
		{A3CDD90E-2288-4140-9E5C-571F27A7C88F}.Debug|Any CPU.ActiveCfg = Debug|Any CPU
		{A3CDD90E-2288-4140-9E5C-571F27A7C88F}.Debug|Any CPU.Build.0 = Debug|Any CPU
		{A3CDD90E-2288-4140-9E5C-571F27A7C88F}.Release|Any CPU.ActiveCfg = Release|Any CPU
		{A3CDD90E-2288-4140-9E5C-571F27A7C88F}.Release|Any CPU.Build.0 = Release|Any CPU
	EndGlobalSection
	GlobalSection(SolutionProperties) = preSolution
		HideSolutionNode = FALSE
	EndGlobalSection
	GlobalSection(NestedProjects) = preSolution
		{3D203555-7224-488D-8A1B-08BCEF735D48} = {86616B03-A8B0-4C0B-AE81-E67E197C56D9}
		{2F271094-D616-4CC9-9AA3-1010AA6BCF0A} = {1EA05D10-A86F-4D7A-8CC5-E351E70142C3}
		{8E9FA43A-E3C3-4DA1-985D-94E91F44C1B9} = {1EA05D10-A86F-4D7A-8CC5-E351E70142C3}
		{69CBF164-78B4-4FEC-8E83-3A793C9B5BD3} = {1EA05D10-A86F-4D7A-8CC5-E351E70142C3}
		{A54DF722-4FE0-480F-8884-EAC1D3B231C3} = {803B7E90-9D95-4554-91FB-70ABD58127F4}
		{7D590B62-8900-4F9A-8851-3C6B1B24CF07} = {803B7E90-9D95-4554-91FB-70ABD58127F4}
		{7332036A-1246-46CC-BE15-C928E59B9FC9} = {803B7E90-9D95-4554-91FB-70ABD58127F4}
		{FA0EC3E1-85A4-4C74-8769-176AC964A542} = {803B7E90-9D95-4554-91FB-70ABD58127F4}
		{32EAB955-1A38-4DD8-AA27-867D30E850BA} = {233A0E6E-26D9-44C0-AE26-EE09C94AD63F}
		{36C616F6-4A9E-4ADE-AC79-C69DF4DAF77B} = {233A0E6E-26D9-44C0-AE26-EE09C94AD63F}
		{E8839D9C-D8D1-45C2-A732-94052CC1079E} = {233A0E6E-26D9-44C0-AE26-EE09C94AD63F}
		{E0BC5A14-A4C1-44A9-BE5A-A34CC3C30713} = {2A89CF90-611D-49FA-BC68-4CE4C21048BD}
		{E68BE2C3-1442-43E5-B78C-A1752BDB3109} = {23A3D557-7029-4AED-A527-994E728F3E23}
		{A3CDD90E-2288-4140-9E5C-571F27A7C88F} = {9592D78F-3CAC-42AF-8F3F-A9E4B52A24D4}
	EndGlobalSection
	GlobalSection(ExtensibilityGlobals) = postSolution
		SolutionGuid = {E363C1C1-CD9B-4E3D-9A28-6EF25F6E33BE}
	EndGlobalSection
EndGlobal
